// !$*UTF8*$!
{
	archiveVersion = 1;
	classes = {
	};
	objectVersion = 77;
	objects = {

/* Begin PBXContainerItemProxy section */
		07726EAC2DBBC4AD009D3E42 /* PBXContainerItemProxy */ = {
			isa = PBXContainerItemProxy;
			containerPortal = 07726E962DBBC4AB009D3E42 /* Project object */;
			proxyType = 1;
			remoteGlobalIDString = 07726E9D2DBBC4AB009D3E42;
			remoteInfo = "Music Memory Library Exporter";
		};
		07726EB62DBBC4AD009D3E42 /* PBXContainerItemProxy */ = {
			isa = PBXContainerItemProxy;
			containerPortal = 07726E962DBBC4AB009D3E42 /* Project object */;
			proxyType = 1;
			remoteGlobalIDString = 07726E9D2DBBC4AB009D3E42;
			remoteInfo = "Music Memory Library Exporter";
		};
/* End PBXContainerItemProxy section */

/* Begin PBXFileReference section */
		07726E9E2DBBC4AB009D3E42 /* Music Memory Library Exporter.app */ = {isa = PBXFileReference; explicitFileType = wrapper.application; includeInIndex = 0; path = "Music Memory Library Exporter.app"; sourceTree = BUILT_PRODUCTS_DIR; };
		07726EAB2DBBC4AD009D3E42 /* Music Memory Library ExporterTests.xctest */ = {isa = PBXFileReference; explicitFileType = wrapper.cfbundle; includeInIndex = 0; path = "Music Memory Library ExporterTests.xctest"; sourceTree = BUILT_PRODUCTS_DIR; };
		07726EB52DBBC4AD009D3E42 /* Music Memory Library ExporterUITests.xctest */ = {isa = PBXFileReference; explicitFileType = wrapper.cfbundle; includeInIndex = 0; path = "Music Memory Library ExporterUITests.xctest"; sourceTree = BUILT_PRODUCTS_DIR; };
/* End PBXFileReference section */

/* Begin PBXFileSystemSynchronizedRootGroup section */
		07726ECE2DBBF6E1009D3E42 /* App */ = {
			isa = PBXFileSystemSynchronizedRootGroup;
			path = App;
			sourceTree = "<group>";
		};
		07726ED02DBBF6F2009D3E42 /* Views */ = {
			isa = PBXFileSystemSynchronizedRootGroup;
			path = Views;
			sourceTree = "<group>";
		};
		07726ED12DBBF6F8009D3E42 /* ViewModels */ = {
			isa = PBXFileSystemSynchronizedRootGroup;
			path = ViewModels;
			sourceTree = "<group>";
		};
		07726ED22DBBF700009D3E42 /* Models */ = {
			isa = PBXFileSystemSynchronizedRootGroup;
			path = Models;
			sourceTree = "<group>";
		};
		07726ED32DBBF705009D3E42 /* Services */ = {
			isa = PBXFileSystemSynchronizedRootGroup;
			path = Services;
			sourceTree = "<group>";
		};
		07726ED42DBBF70B009D3E42 /* Resources */ = {
			isa = PBXFileSystemSynchronizedRootGroup;
			path = Resources;
			sourceTree = "<group>";
		};
/* End PBXFileSystemSynchronizedRootGroup section */

/* Begin PBXFrameworksBuildPhase section */
		07726E9B2DBBC4AB009D3E42 /* Frameworks */ = {
			isa = PBXFrameworksBuildPhase;
			buildActionMask = 2147483647;
			files = (
			);
			runOnlyForDeploymentPostprocessing = 0;
		};
		07726EA82DBBC4AD009D3E42 /* Frameworks */ = {
			isa = PBXFrameworksBuildPhase;
			buildActionMask = 2147483647;
			files = (
			);
			runOnlyForDeploymentPostprocessing = 0;
		};
		07726EB22DBBC4AD009D3E42 /* Frameworks */ = {
			isa = PBXFrameworksBuildPhase;
			buildActionMask = 2147483647;
			files = (
			);
			runOnlyForDeploymentPostprocessing = 0;
		};
/* End PBXFrameworksBuildPhase section */

/* Begin PBXGroup section */
		07726E952DBBC4AB009D3E42 = {
			isa = PBXGroup;
			children = (
				07726ED42DBBF70B009D3E42 /* Resources */,
				07726ED32DBBF705009D3E42 /* Services */,
				07726ED22DBBF700009D3E42 /* Models */,
				07726ED12DBBF6F8009D3E42 /* ViewModels */,
				07726ED02DBBF6F2009D3E42 /* Views */,
				07726ECE2DBBF6E1009D3E42 /* App */,
				07726E9F2DBBC4AB009D3E42 /* Products */,
			);
			sourceTree = "<group>";
		};
		07726E9F2DBBC4AB009D3E42 /* Products */ = {
			isa = PBXGroup;
			children = (
				07726E9E2DBBC4AB009D3E42 /* Music Memory Library Exporter.app */,
				07726EAB2DBBC4AD009D3E42 /* Music Memory Library ExporterTests.xctest */,
				07726EB52DBBC4AD009D3E42 /* Music Memory Library ExporterUITests.xctest */,
			);
			name = Products;
			sourceTree = "<group>";
		};
/* End PBXGroup section */

/* Begin PBXNativeTarget section */
		07726E9D2DBBC4AB009D3E42 /* Music Memory Library Exporter */ = {
			isa = PBXNativeTarget;
			buildConfigurationList = 07726EBF2DBBC4AD009D3E42 /* Build configuration list for PBXNativeTarget "Music Memory Library Exporter" */;
			buildPhases = (
				07726E9A2DBBC4AB009D3E42 /* Sources */,
				07726E9B2DBBC4AB009D3E42 /* Frameworks */,
				07726E9C2DBBC4AB009D3E42 /* Resources */,
			);
			buildRules = (
			);
			dependencies = (
			);
			fileSystemSynchronizedGroups = (
				07726ECE2DBBF6E1009D3E42 /* App */,
				07726ED02DBBF6F2009D3E42 /* Views */,
				07726ED12DBBF6F8009D3E42 /* ViewModels */,
				07726ED22DBBF700009D3E42 /* Models */,
				07726ED32DBBF705009D3E42 /* Services */,
				07726ED42DBBF70B009D3E42 /* Resources */,
			);
			name = "Music Memory Library Exporter";
			packageProductDependencies = (
			);
			productName = "Music Memory Library Exporter";
			productReference = 07726E9E2DBBC4AB009D3E42 /* Music Memory Library Exporter.app */;
			productType = "com.apple.product-type.application";
		};
		07726EAA2DBBC4AD009D3E42 /* Music Memory Library ExporterTests */ = {
			isa = PBXNativeTarget;
			buildConfigurationList = 07726EC22DBBC4AD009D3E42 /* Build configuration list for PBXNativeTarget "Music Memory Library ExporterTests" */;
			buildPhases = (
				07726EA72DBBC4AD009D3E42 /* Sources */,
				07726EA82DBBC4AD009D3E42 /* Frameworks */,
				07726EA92DBBC4AD009D3E42 /* Resources */,
			);
			buildRules = (
			);
			dependencies = (
				07726EAD2DBBC4AD009D3E42 /* PBXTargetDependency */,
			);
			name = "Music Memory Library ExporterTests";
			packageProductDependencies = (
			);
			productName = "Music Memory Library ExporterTests";
			productReference = 07726EAB2DBBC4AD009D3E42 /* Music Memory Library ExporterTests.xctest */;
			productType = "com.apple.product-type.bundle.unit-test";
		};
		07726EB42DBBC4AD009D3E42 /* Music Memory Library ExporterUITests */ = {
			isa = PBXNativeTarget;
			buildConfigurationList = 07726EC52DBBC4AD009D3E42 /* Build configuration list for PBXNativeTarget "Music Memory Library ExporterUITests" */;
			buildPhases = (
				07726EB12DBBC4AD009D3E42 /* Sources */,
				07726EB22DBBC4AD009D3E42 /* Frameworks */,
				07726EB32DBBC4AD009D3E42 /* Resources */,
			);
			buildRules = (
			);
			dependencies = (
				07726EB72DBBC4AD009D3E42 /* PBXTargetDependency */,
			);
			name = "Music Memory Library ExporterUITests";
			packageProductDependencies = (
			);
			productName = "Music Memory Library ExporterUITests";
			productReference = 07726EB52DBBC4AD009D3E42 /* Music Memory Library ExporterUITests.xctest */;
			productType = "com.apple.product-type.bundle.ui-testing";
		};
/* End PBXNativeTarget section */

/* Begin PBXProject section */
		07726E962DBBC4AB009D3E42 /* Project object */ = {
			isa = PBXProject;
			attributes = {
				BuildIndependentTargetsInParallel = 1;
				LastSwiftUpdateCheck = 1630;
				LastUpgradeCheck = 1630;
				TargetAttributes = {
					07726E9D2DBBC4AB009D3E42 = {
						CreatedOnToolsVersion = 16.3;
					};
					07726EAA2DBBC4AD009D3E42 = {
						CreatedOnToolsVersion = 16.3;
						TestTargetID = 07726E9D2DBBC4AB009D3E42;
					};
					07726EB42DBBC4AD009D3E42 = {
						CreatedOnToolsVersion = 16.3;
						TestTargetID = 07726E9D2DBBC4AB009D3E42;
					};
				};
			};
			buildConfigurationList = 07726E992DBBC4AB009D3E42 /* Build configuration list for PBXProject "Music Memory Library Exporter" */;
			developmentRegion = en;
			hasScannedForEncodings = 0;
			knownRegions = (
				en,
				Base,
			);
			mainGroup = 07726E952DBBC4AB009D3E42;
			minimizedProjectReferenceProxies = 1;
			preferredProjectObjectVersion = 77;
			productRefGroup = 07726E9F2DBBC4AB009D3E42 /* Products */;
			projectDirPath = "";
			projectRoot = "";
			targets = (
				07726E9D2DBBC4AB009D3E42 /* Music Memory Library Exporter */,
				07726EAA2DBBC4AD009D3E42 /* Music Memory Library ExporterTests */,
				07726EB42DBBC4AD009D3E42 /* Music Memory Library ExporterUITests */,
			);
		};
/* End PBXProject section */

/* Begin PBXResourcesBuildPhase section */
		07726E9C2DBBC4AB009D3E42 /* Resources */ = {
			isa = PBXResourcesBuildPhase;
			buildActionMask = 2147483647;
			files = (
			);
			runOnlyForDeploymentPostprocessing = 0;
		};
		07726EA92DBBC4AD009D3E42 /* Resources */ = {
			isa = PBXResourcesBuildPhase;
			buildActionMask = 2147483647;
			files = (
			);
			runOnlyForDeploymentPostprocessing = 0;
		};
		07726EB32DBBC4AD009D3E42 /* Resources */ = {
			isa = PBXResourcesBuildPhase;
			buildActionMask = 2147483647;
			files = (
			);
			runOnlyForDeploymentPostprocessing = 0;
		};
/* End PBXResourcesBuildPhase section */

/* Begin PBXSourcesBuildPhase section */
		07726E9A2DBBC4AB009D3E42 /* Sources */ = {
			isa = PBXSourcesBuildPhase;
			buildActionMask = 2147483647;
			files = (
			);
			runOnlyForDeploymentPostprocessing = 0;
		};
		07726EA72DBBC4AD009D3E42 /* Sources */ = {
			isa = PBXSourcesBuildPhase;
			buildActionMask = 2147483647;
			files = (
			);
			runOnlyForDeploymentPostprocessing = 0;
		};
		07726EB12DBBC4AD009D3E42 /* Sources */ = {
			isa = PBXSourcesBuildPhase;
			buildActionMask = 2147483647;
			files = (
			);
			runOnlyForDeploymentPostprocessing = 0;
		};
/* End PBXSourcesBuildPhase section */

/* Begin PBXTargetDependency section */
		07726EAD2DBBC4AD009D3E42 /* PBXTargetDependency */ = {
			isa = PBXTargetDependency;
			target = 07726E9D2DBBC4AB009D3E42 /* Music Memory Library Exporter */;
			targetProxy = 07726EAC2DBBC4AD009D3E42 /* PBXContainerItemProxy */;
		};
		07726EB72DBBC4AD009D3E42 /* PBXTargetDependency */ = {
			isa = PBXTargetDependency;
			target = 07726E9D2DBBC4AB009D3E42 /* Music Memory Library Exporter */;
			targetProxy = 07726EB62DBBC4AD009D3E42 /* PBXContainerItemProxy */;
		};
/* End PBXTargetDependency section */

/* Begin XCBuildConfiguration section */
		07726EBD2DBBC4AD009D3E42 /* Debug */ = {
			isa = XCBuildConfiguration;
			buildSettings = {
				ALWAYS_SEARCH_USER_PATHS = NO;
				ASSETCATALOG_COMPILER_GENERATE_SWIFT_ASSET_SYMBOL_EXTENSIONS = YES;
				CLANG_ANALYZER_NONNULL = YES;
				CLANG_ANALYZER_NUMBER_OBJECT_CONVERSION = YES_AGGRESSIVE;
				CLANG_CXX_LANGUAGE_STANDARD = "gnu++20";
				CLANG_ENABLE_MODULES = YES;
				CLANG_ENABLE_OBJC_ARC = YES;
				CLANG_ENABLE_OBJC_WEAK = YES;
				CLANG_WARN_BLOCK_CAPTURE_AUTORELEASING = YES;
				CLANG_WARN_BOOL_CONVERSION = YES;
				CLANG_WARN_COMMA = YES;
				CLANG_WARN_CONSTANT_CONVERSION = YES;
				CLANG_WARN_DEPRECATED_OBJC_IMPLEMENTATIONS = YES;
				CLANG_WARN_DIRECT_OBJC_ISA_USAGE = YES_ERROR;
				CLANG_WARN_DOCUMENTATION_COMMENTS = YES;
				CLANG_WARN_EMPTY_BODY = YES;
				CLANG_WARN_ENUM_CONVERSION = YES;
				CLANG_WARN_INFINITE_RECURSION = YES;
				CLANG_WARN_INT_CONVERSION = YES;
				CLANG_WARN_NON_LITERAL_NULL_CONVERSION = YES;
				CLANG_WARN_OBJC_IMPLICIT_RETAIN_SELF = YES;
				CLANG_WARN_OBJC_LITERAL_CONVERSION = YES;
				CLANG_WARN_OBJC_ROOT_CLASS = YES_ERROR;
				CLANG_WARN_QUOTED_INCLUDE_IN_FRAMEWORK_HEADER = YES;
				CLANG_WARN_RANGE_LOOP_ANALYSIS = YES;
				CLANG_WARN_STRICT_PROTOTYPES = YES;
				CLANG_WARN_SUSPICIOUS_MOVE = YES;
				CLANG_WARN_UNGUARDED_AVAILABILITY = YES_AGGRESSIVE;
				CLANG_WARN_UNREACHABLE_CODE = YES;
				CLANG_WARN__DUPLICATE_METHOD_MATCH = YES;
				COPY_PHASE_STRIP = NO;
				DEBUG_INFORMATION_FORMAT = dwarf;
				DEVELOPMENT_TEAM = 5RP4WRQ9V2;
				ENABLE_STRICT_OBJC_MSGSEND = YES;
				ENABLE_TESTABILITY = YES;
				ENABLE_USER_SCRIPT_SANDBOXING = YES;
				GCC_C_LANGUAGE_STANDARD = gnu17;
				GCC_DYNAMIC_NO_PIC = NO;
				GCC_NO_COMMON_BLOCKS = YES;
				GCC_OPTIMIZATION_LEVEL = 0;
				GCC_PREPROCESSOR_DEFINITIONS = (
					"DEBUG=1",
					"$(inherited)",
				);
				GCC_WARN_64_TO_32_BIT_CONVERSION = YES;
				GCC_WARN_ABOUT_RETURN_TYPE = YES_ERROR;
				GCC_WARN_UNDECLARED_SELECTOR = YES;
				GCC_WARN_UNINITIALIZED_AUTOS = YES_AGGRESSIVE;
				GCC_WARN_UNUSED_FUNCTION = YES;
				GCC_WARN_UNUSED_VARIABLE = YES;
				IPHONEOS_DEPLOYMENT_TARGET = 18.4;
				LOCALIZATION_PREFERS_STRING_CATALOGS = YES;
				MTL_ENABLE_DEBUG_INFO = INCLUDE_SOURCE;
				MTL_FAST_MATH = YES;
				ONLY_ACTIVE_ARCH = YES;
				SDKROOT = iphoneos;
				SWIFT_ACTIVE_COMPILATION_CONDITIONS = "DEBUG $(inherited)";
				SWIFT_OPTIMIZATION_LEVEL = "-Onone";
			};
			name = Debug;
		};
		07726EBE2DBBC4AD009D3E42 /* Release */ = {
			isa = XCBuildConfiguration;
			buildSettings = {
				ALWAYS_SEARCH_USER_PATHS = NO;
				ASSETCATALOG_COMPILER_GENERATE_SWIFT_ASSET_SYMBOL_EXTENSIONS = YES;
				CLANG_ANALYZER_NONNULL = YES;
				CLANG_ANALYZER_NUMBER_OBJECT_CONVERSION = YES_AGGRESSIVE;
				CLANG_CXX_LANGUAGE_STANDARD = "gnu++20";
				CLANG_ENABLE_MODULES = YES;
				CLANG_ENABLE_OBJC_ARC = YES;
				CLANG_ENABLE_OBJC_WEAK = YES;
				CLANG_WARN_BLOCK_CAPTURE_AUTORELEASING = YES;
				CLANG_WARN_BOOL_CONVERSION = YES;
				CLANG_WARN_COMMA = YES;
				CLANG_WARN_CONSTANT_CONVERSION = YES;
				CLANG_WARN_DEPRECATED_OBJC_IMPLEMENTATIONS = YES;
				CLANG_WARN_DIRECT_OBJC_ISA_USAGE = YES_ERROR;
				CLANG_WARN_DOCUMENTATION_COMMENTS = YES;
				CLANG_WARN_EMPTY_BODY = YES;
				CLANG_WARN_ENUM_CONVERSION = YES;
				CLANG_WARN_INFINITE_RECURSION = YES;
				CLANG_WARN_INT_CONVERSION = YES;
				CLANG_WARN_NON_LITERAL_NULL_CONVERSION = YES;
				CLANG_WARN_OBJC_IMPLICIT_RETAIN_SELF = YES;
				CLANG_WARN_OBJC_LITERAL_CONVERSION = YES;
				CLANG_WARN_OBJC_ROOT_CLASS = YES_ERROR;
				CLANG_WARN_QUOTED_INCLUDE_IN_FRAMEWORK_HEADER = YES;
				CLANG_WARN_RANGE_LOOP_ANALYSIS = YES;
				CLANG_WARN_STRICT_PROTOTYPES = YES;
				CLANG_WARN_SUSPICIOUS_MOVE = YES;
				CLANG_WARN_UNGUARDED_AVAILABILITY = YES_AGGRESSIVE;
				CLANG_WARN_UNREACHABLE_CODE = YES;
				CLANG_WARN__DUPLICATE_METHOD_MATCH = YES;
				COPY_PHASE_STRIP = NO;
				DEBUG_INFORMATION_FORMAT = "dwarf-with-dsym";
				DEVELOPMENT_TEAM = 5RP4WRQ9V2;
				ENABLE_NS_ASSERTIONS = NO;
				ENABLE_STRICT_OBJC_MSGSEND = YES;
				ENABLE_USER_SCRIPT_SANDBOXING = YES;
				GCC_C_LANGUAGE_STANDARD = gnu17;
				GCC_NO_COMMON_BLOCKS = YES;
				GCC_WARN_64_TO_32_BIT_CONVERSION = YES;
				GCC_WARN_ABOUT_RETURN_TYPE = YES_ERROR;
				GCC_WARN_UNDECLARED_SELECTOR = YES;
				GCC_WARN_UNINITIALIZED_AUTOS = YES_AGGRESSIVE;
				GCC_WARN_UNUSED_FUNCTION = YES;
				GCC_WARN_UNUSED_VARIABLE = YES;
				IPHONEOS_DEPLOYMENT_TARGET = 18.4;
				LOCALIZATION_PREFERS_STRING_CATALOGS = YES;
				MTL_ENABLE_DEBUG_INFO = NO;
				MTL_FAST_MATH = YES;
				SDKROOT = iphoneos;
				SWIFT_COMPILATION_MODE = wholemodule;
				VALIDATE_PRODUCT = YES;
			};
			name = Release;
		};
		07726EC02DBBC4AD009D3E42 /* Debug */ = {
			isa = XCBuildConfiguration;
			buildSettings = {
				ASSETCATALOG_COMPILER_GLOBAL_ACCENT_COLOR_NAME = AccentColor;
				CODE_SIGN_IDENTITY = "Apple Development";
				CODE_SIGN_STYLE = Automatic;
				CURRENT_PROJECT_VERSION = 1;
				DEVELOPMENT_TEAM = 5RP4WRQ9V2;
				ENABLE_PREVIEWS = YES;
				GENERATE_INFOPLIST_FILE = YES;
				INFOPLIST_FILE = "Music-Memory-Library-Exporter-Info.plist";
				INFOPLIST_KEY_LSApplicationCategoryType = "public.app-category.music";
				INFOPLIST_KEY_NSAppleMusicUsageDescription = "This app needs access to your music library to export play counts";
				INFOPLIST_KEY_UIApplicationSceneManifest_Generation = YES;
				INFOPLIST_KEY_UIApplicationSupportsIndirectInputEvents = YES;
				INFOPLIST_KEY_UILaunchScreen_Generation = YES;
				INFOPLIST_KEY_UISupportedInterfaceOrientations_iPad = "UIInterfaceOrientationPortrait UIInterfaceOrientationPortraitUpsideDown UIInterfaceOrientationLandscapeLeft UIInterfaceOrientationLandscapeRight";
				INFOPLIST_KEY_UISupportedInterfaceOrientations_iPhone = "UIInterfaceOrientationPortrait UIInterfaceOrientationLandscapeLeft UIInterfaceOrientationLandscapeRight";
				LD_RUNPATH_SEARCH_PATHS = (
					"$(inherited)",
					"@executable_path/Frameworks",
				);
				MARKETING_VERSION = 1.0;
				PRODUCT_BUNDLE_IDENTIFIER = "com.jacobrees.Music-Memory-Library-Exporter";
				PRODUCT_NAME = "$(TARGET_NAME)";
				PROVISIONING_PROFILE_SPECIFIER = "";
				SWIFT_EMIT_LOC_STRINGS = YES;
				SWIFT_VERSION = 5.0;
				TARGETED_DEVICE_FAMILY = "1,2";
			};
			name = Debug;
		};
		07726EC12DBBC4AD009D3E42 /* Release */ = {
			isa = XCBuildConfiguration;
			buildSettings = {
				ASSETCATALOG_COMPILER_GLOBAL_ACCENT_COLOR_NAME = AccentColor;
				CODE_SIGN_IDENTITY = "Apple Development";
				CODE_SIGN_STYLE = Automatic;
				CURRENT_PROJECT_VERSION = 1;
				DEVELOPMENT_TEAM = 5RP4WRQ9V2;
				ENABLE_PREVIEWS = YES;
				GENERATE_INFOPLIST_FILE = YES;
				INFOPLIST_FILE = "Music-Memory-Library-Exporter-Info.plist";
				INFOPLIST_KEY_LSApplicationCategoryType = "public.app-category.music";
				INFOPLIST_KEY_NSAppleMusicUsageDescription = "This app needs access to your music library to export play counts";
				INFOPLIST_KEY_UIApplicationSceneManifest_Generation = YES;
				INFOPLIST_KEY_UIApplicationSupportsIndirectInputEvents = YES;
				INFOPLIST_KEY_UILaunchScreen_Generation = YES;
				INFOPLIST_KEY_UISupportedInterfaceOrientations_iPad = "UIInterfaceOrientationPortrait UIInterfaceOrientationPortraitUpsideDown UIInterfaceOrientationLandscapeLeft UIInterfaceOrientationLandscapeRight";
				INFOPLIST_KEY_UISupportedInterfaceOrientations_iPhone = "UIInterfaceOrientationPortrait UIInterfaceOrientationLandscapeLeft UIInterfaceOrientationLandscapeRight";
				LD_RUNPATH_SEARCH_PATHS = (
					"$(inherited)",
					"@executable_path/Frameworks",
				);
				MARKETING_VERSION = 1.0;
				PRODUCT_BUNDLE_IDENTIFIER = "com.jacobrees.Music-Memory-Library-Exporter";
				PRODUCT_NAME = "$(TARGET_NAME)";
				PROVISIONING_PROFILE_SPECIFIER = "";
				SWIFT_EMIT_LOC_STRINGS = YES;
				SWIFT_VERSION = 5.0;
				TARGETED_DEVICE_FAMILY = "1,2";
			};
			name = Release;
		};
		07726EC32DBBC4AD009D3E42 /* Debug */ = {
			isa = XCBuildConfiguration;
			buildSettings = {
				BUNDLE_LOADER = "$(TEST_HOST)";
				CODE_SIGN_STYLE = Automatic;
				CURRENT_PROJECT_VERSION = 1;
				DEVELOPMENT_TEAM = 5RP4WRQ9V2;
				GENERATE_INFOPLIST_FILE = YES;
				IPHONEOS_DEPLOYMENT_TARGET = 18.4;
				MARKETING_VERSION = 1.0;
				PRODUCT_BUNDLE_IDENTIFIER = "com.jacobrees.Music-Memory-Library-ExporterTests";
				PRODUCT_NAME = "$(TARGET_NAME)";
				SWIFT_EMIT_LOC_STRINGS = NO;
				SWIFT_VERSION = 5.0;
				TARGETED_DEVICE_FAMILY = "1,2";
				TEST_HOST = "$(BUILT_PRODUCTS_DIR)/Music Memory Library Exporter.app/$(BUNDLE_EXECUTABLE_FOLDER_PATH)/Music Memory Library Exporter";
			};
			name = Debug;
		};
		07726EC42DBBC4AD009D3E42 /* Release */ = {
			isa = XCBuildConfiguration;
			buildSettings = {
				BUNDLE_LOADER = "$(TEST_HOST)";
				CODE_SIGN_STYLE = Automatic;
				CURRENT_PROJECT_VERSION = 1;
				DEVELOPMENT_TEAM = 5RP4WRQ9V2;
				GENERATE_INFOPLIST_FILE = YES;
				IPHONEOS_DEPLOYMENT_TARGET = 18.4;
				MARKETING_VERSION = 1.0;
				PRODUCT_BUNDLE_IDENTIFIER = "com.jacobrees.Music-Memory-Library-ExporterTests";
				PRODUCT_NAME = "$(TARGET_NAME)";
				SWIFT_EMIT_LOC_STRINGS = NO;
				SWIFT_VERSION = 5.0;
				TARGETED_DEVICE_FAMILY = "1,2";
				TEST_HOST = "$(BUILT_PRODUCTS_DIR)/Music Memory Library Exporter.app/$(BUNDLE_EXECUTABLE_FOLDER_PATH)/Music Memory Library Exporter";
			};
			name = Release;
		};
		07726EC62DBBC4AD009D3E42 /* Debug */ = {
			isa = XCBuildConfiguration;
			buildSettings = {
				CODE_SIGN_STYLE = Automatic;
				CURRENT_PROJECT_VERSION = 1;
				DEVELOPMENT_TEAM = 5RP4WRQ9V2;
				GENERATE_INFOPLIST_FILE = YES;
				MARKETING_VERSION = 1.0;
				PRODUCT_BUNDLE_IDENTIFIER = "com.jacobrees.Music-Memory-Library-ExporterUITests";
				PRODUCT_NAME = "$(TARGET_NAME)";
				SWIFT_EMIT_LOC_STRINGS = NO;
				SWIFT_VERSION = 5.0;
				TARGETED_DEVICE_FAMILY = "1,2";
				TEST_TARGET_NAME = "Music Memory Library Exporter";
			};
			name = Debug;
		};
		07726EC72DBBC4AD009D3E42 /* Release */ = {
			isa = XCBuildConfiguration;
			buildSettings = {
				CODE_SIGN_STYLE = Automatic;
				CURRENT_PROJECT_VERSION = 1;
				DEVELOPMENT_TEAM = 5RP4WRQ9V2;
				GENERATE_INFOPLIST_FILE = YES;
				MARKETING_VERSION = 1.0;
				PRODUCT_BUNDLE_IDENTIFIER = "com.jacobrees.Music-Memory-Library-ExporterUITests";
				PRODUCT_NAME = "$(TARGET_NAME)";
				SWIFT_EMIT_LOC_STRINGS = NO;
				SWIFT_VERSION = 5.0;
				TARGETED_DEVICE_FAMILY = "1,2";
				TEST_TARGET_NAME = "Music Memory Library Exporter";
			};
			name = Release;
		};
/* End XCBuildConfiguration section */

/* Begin XCConfigurationList section */
		07726E992DBBC4AB009D3E42 /* Build configuration list for PBXProject "Music Memory Library Exporter" */ = {
			isa = XCConfigurationList;
			buildConfigurations = (
				07726EBD2DBBC4AD009D3E42 /* Debug */,
				07726EBE2DBBC4AD009D3E42 /* Release */,
			);
			defaultConfigurationIsVisible = 0;
			defaultConfigurationName = Release;
		};
		07726EBF2DBBC4AD009D3E42 /* Build configuration list for PBXNativeTarget "Music Memory Library Exporter" */ = {
			isa = XCConfigurationList;
			buildConfigurations = (
				07726EC02DBBC4AD009D3E42 /* Debug */,
				07726EC12DBBC4AD009D3E42 /* Release */,
			);
			defaultConfigurationIsVisible = 0;
			defaultConfigurationName = Release;
		};
		07726EC22DBBC4AD009D3E42 /* Build configuration list for PBXNativeTarget "Music Memory Library ExporterTests" */ = {
			isa = XCConfigurationList;
			buildConfigurations = (
				07726EC32DBBC4AD009D3E42 /* Debug */,
				07726EC42DBBC4AD009D3E42 /* Release */,
			);
			defaultConfigurationIsVisible = 0;
			defaultConfigurationName = Release;
		};
		07726EC52DBBC4AD009D3E42 /* Build configuration list for PBXNativeTarget "Music Memory Library ExporterUITests" */ = {
			isa = XCConfigurationList;
			buildConfigurations = (
				07726EC62DBBC4AD009D3E42 /* Debug */,
				07726EC72DBBC4AD009D3E42 /* Release */,
			);
			defaultConfigurationIsVisible = 0;
			defaultConfigurationName = Release;
		};
/* End XCConfigurationList section */
	};
	rootObject = 07726E962DBBC4AB009D3E42 /* Project object */;
}
